
Microsoft Visual Studio Solution File, Format Version 12.00
# Visual Studio Version 16
VisualStudioVersion = 16.0.31112.23
MinimumVisualStudioVersion = 10.0.40219.1
Project("{FAE04EC0-301F-11D3-BF4B-00C04F79EFBC}") = "SortPlan", "SortPlan.csproj", "{072852A5-1A0A-40B2-8183-A8073272F859}"
EndProject
Global
	GlobalSection(SolutionConfigurationPlatforms) = preSolution
		Debug|Any CPU = Debug|Any CPU
		Release|Any CPU = Release|Any CPU
	EndGlobalSection
	GlobalSection(ProjectConfigurationPlatforms) = postSolution
		{072852A5-1A0A-40B2-8183-A8073272F859}.Debug|Any CPU.ActiveCfg = Debug|Any CPU
		{072852A5-1A0A-40B2-8183-A8073272F859}.Debug|Any CPU.Build.0 = Debug|Any CPU
		{072852A5-1A0A-40B2-8183-A8073272F859}.Release|Any CPU.ActiveCfg = Release|Any CPU
		{072852A5-1A0A-40B2-8183-A8073272F859}.Release|Any CPU.Build.0 = Release|Any CPU
	EndGlobalSection
	GlobalSection(SolutionProperties) = preSolution
		HideSolutionNode = FALSE
	EndGlobalSection
	GlobalSection(ExtensibilityGlobals) = postSolution
		SolutionGuid = {30BE1ACD-3259-45FE-ACDC-BC93B2D26BAA}
	EndGlobalSection
EndGlobal
